<?xml version="1.0" encoding="UTF-8" standalone="yes" ?>
<CodeBlocks_project_file>
   <FileVersion major="1" minor="6" />
   <Project>
      <Option title="lgp-tree" />
      <Option makefile_is_custom="1" />
      <Option compiler="gcc" />
      <Option virtualFolders="CMake Files\;CMake Files\libs\;CMake Files\libs\ObservationTasks\;CMake Files\libs\CollisionAvoidance\;CMake Files\libs\POLGP\;CMake Files\apps\;CMake Files\apps\get-sight\;CMake Files\apps\lgp-tree\;" />
      <Build>
      <Target title="all">
         <Option working_dir="/home/camille/Dev/Phd/mlr-build/17-camille-obsTask/apps/lgp-tree" />
         <Option type="4" />
         <MakeCommands>
            <Build command="/usr/bin/make -f &quot;/home/camille/Dev/Phd/mlr-build/17-camille-obsTask/apps/lgp-tree/Makefile&quot;  VERBOSE=1 all" />
            <CompileFile command="/usr/bin/make -f &quot;/home/camille/Dev/Phd/mlr-build/17-camille-obsTask/apps/lgp-tree/Makefile&quot;  VERBOSE=1 &quot;$file&quot;" />
            <Clean command="/usr/bin/make -f &quot;/home/camille/Dev/Phd/mlr-build/17-camille-obsTask/apps/lgp-tree/Makefile&quot;  VERBOSE=1 clean" />
            <DistClean command="/usr/bin/make -f &quot;/home/camille/Dev/Phd/mlr-build/17-camille-obsTask/apps/lgp-tree/Makefile&quot;  VERBOSE=1 clean" />
         </MakeCommands>
      </Target>
      <Target title="lgp-tree">
         <Option output="/home/camille/Dev/Phd/mlr-build/17-camille-obsTask/apps/lgp-tree/lgp-tree" prefix_auto="0" extension_auto="0" />
         <Option working_dir="/home/camille/Dev/Phd/mlr-build/17-camille-obsTask/apps/lgp-tree" />
         <Option object_output="./" />
         <Option type="1" />
         <Option compiler="gcc" />
         <Compiler>
            <Add directory="/home/camille/Dev/Phd/mlr/share/projects/17-camille-obsTask/libs/CollisionAvoidance/." />
            <Add directory="/home/camille/Dev/Phd/mlr/share/projects/17-camille-obsTask/libs/ObservationTasks/." />
            <Add directory="/home/camille/Dev/Phd/mlr/share/projects/17-camille-obsTask/libs/POLGP/." />
            <Add directory="/home/camille/Dev/Phd/mlr/share/src" />
         </Compiler>
         <MakeCommands>
            <Build command="/usr/bin/make -f &quot;/home/camille/Dev/Phd/mlr-build/17-camille-obsTask/apps/lgp-tree/Makefile&quot;  VERBOSE=1 lgp-tree" />
            <CompileFile command="/usr/bin/make -f &quot;/home/camille/Dev/Phd/mlr-build/17-camille-obsTask/apps/lgp-tree/Makefile&quot;  VERBOSE=1 &quot;$file&quot;" />
            <Clean command="/usr/bin/make -f &quot;/home/camille/Dev/Phd/mlr-build/17-camille-obsTask/apps/lgp-tree/Makefile&quot;  VERBOSE=1 clean" />
            <DistClean command="/usr/bin/make -f &quot;/home/camille/Dev/Phd/mlr-build/17-camille-obsTask/apps/lgp-tree/Makefile&quot;  VERBOSE=1 clean" />
         </MakeCommands>
      </Target>
      <Target title="lgp-tree/fast">
         <Option output="/home/camille/Dev/Phd/mlr-build/17-camille-obsTask/apps/lgp-tree/lgp-tree" prefix_auto="0" extension_auto="0" />
         <Option working_dir="/home/camille/Dev/Phd/mlr-build/17-camille-obsTask/apps/lgp-tree" />
         <Option object_output="./" />
         <Option type="1" />
         <Option compiler="gcc" />
         <Compiler>
            <Add directory="/home/camille/Dev/Phd/mlr/share/projects/17-camille-obsTask/libs/CollisionAvoidance/." />
            <Add directory="/home/camille/Dev/Phd/mlr/share/projects/17-camille-obsTask/libs/ObservationTasks/." />
            <Add directory="/home/camille/Dev/Phd/mlr/share/projects/17-camille-obsTask/libs/POLGP/." />
            <Add directory="/home/camille/Dev/Phd/mlr/share/src" />
         </Compiler>
         <MakeCommands>
            <Build command="/usr/bin/make -f &quot;/home/camille/Dev/Phd/mlr-build/17-camille-obsTask/apps/lgp-tree/Makefile&quot;  VERBOSE=1 lgp-tree/fast" />
            <CompileFile command="/usr/bin/make -f &quot;/home/camille/Dev/Phd/mlr-build/17-camille-obsTask/apps/lgp-tree/Makefile&quot;  VERBOSE=1 &quot;$file&quot;" />
            <Clean command="/usr/bin/make -f &quot;/home/camille/Dev/Phd/mlr-build/17-camille-obsTask/apps/lgp-tree/Makefile&quot;  VERBOSE=1 clean" />
            <DistClean command="/usr/bin/make -f &quot;/home/camille/Dev/Phd/mlr-build/17-camille-obsTask/apps/lgp-tree/Makefile&quot;  VERBOSE=1 clean" />
         </MakeCommands>
      </Target>
      </Build>
      <Unit filename="/home/camille/Dev/Phd/mlr/share/projects/17-camille-obsTask/apps/lgp-tree/main.cpp">
      </Unit>
      <Unit filename="/home/camille/Dev/Phd/mlr/share/projects/17-camille-obsTask/CMakeLists.txt">
          <Option virtualFolder="CMake Files\" />
      </Unit>
      <Unit filename="/home/camille/Dev/Phd/mlr/share/projects/17-camille-obsTask/libs/ObservationTasks/CMakeLists.txt">
          <Option virtualFolder="CMake Files\libs\ObservationTasks\" />
      </Unit>
      <Unit filename="/home/camille/Dev/Phd/mlr/share/projects/17-camille-obsTask/libs/ObservationTasks/CMakeLists.txt">
          <Option virtualFolder="CMake Files\libs\ObservationTasks\" />
      </Unit>
      <Unit filename="/home/camille/Dev/Phd/mlr/share/projects/17-camille-obsTask/libs/CollisionAvoidance/CMakeLists.txt">
          <Option virtualFolder="CMake Files\libs\CollisionAvoidance\" />
      </Unit>
      <Unit filename="/home/camille/Dev/Phd/mlr/share/projects/17-camille-obsTask/libs/CollisionAvoidance/CMakeLists.txt">
          <Option virtualFolder="CMake Files\libs\CollisionAvoidance\" />
      </Unit>
      <Unit filename="/home/camille/Dev/Phd/mlr/share/projects/17-camille-obsTask/libs/POLGP/CMakeLists.txt">
          <Option virtualFolder="CMake Files\libs\POLGP\" />
      </Unit>
      <Unit filename="/home/camille/Dev/Phd/mlr/share/projects/17-camille-obsTask/libs/POLGP/CMakeLists.txt">
          <Option virtualFolder="CMake Files\libs\POLGP\" />
      </Unit>
      <Unit filename="/home/camille/Dev/Phd/mlr/share/projects/17-camille-obsTask/apps/CMakeLists.txt">
          <Option virtualFolder="CMake Files\apps\" />
      </Unit>
      <Unit filename="/home/camille/Dev/Phd/mlr/share/projects/17-camille-obsTask/apps/get-sight/CMakeLists.txt">
          <Option virtualFolder="CMake Files\apps\get-sight\" />
      </Unit>
      <Unit filename="/home/camille/Dev/Phd/mlr/share/projects/17-camille-obsTask/apps/get-sight/CMakeLists.txt">
          <Option virtualFolder="CMake Files\apps\get-sight\" />
      </Unit>
      <Unit filename="/home/camille/Dev/Phd/mlr/share/projects/17-camille-obsTask/apps/lgp-tree/CMakeLists.txt">
          <Option virtualFolder="CMake Files\apps\lgp-tree\" />
      </Unit>
      <Unit filename="/home/camille/Dev/Phd/mlr/share/projects/17-camille-obsTask/apps/lgp-tree/CMakeLists.txt">
          <Option virtualFolder="CMake Files\apps\lgp-tree\" />
      </Unit>
   </Project>
</CodeBlocks_project_file>
