<?xml version="1.0" encoding="UTF-8" standalone="yes" ?>
<CodeBlocks_project_file>
   <FileVersion major="1" minor="6" />
   <Project>
      <Option title="grabAndCompress" />
      <Option makefile_is_custom="1" />
      <Option compiler="gcc" />
      <Option virtualFolders="CMake Files\;" />
      <Build>
      <Target title="all">
         <Option working_dir="/home/bais/mlr/ximea/serial/src" />
         <Option type="4" />
         <MakeCommands>
            <Build command="/usr/bin/make -f &quot;/home/bais/mlr/ximea/serial/src/Makefile&quot;  VERBOSE=1 all" />
            <CompileFile command="/usr/bin/make -f &quot;/home/bais/mlr/ximea/serial/src/Makefile&quot;  VERBOSE=1 &quot;$file&quot;" />
            <Clean command="/usr/bin/make -f &quot;/home/bais/mlr/ximea/serial/src/Makefile&quot;  VERBOSE=1 clean" />
            <DistClean command="/usr/bin/make -f &quot;/home/bais/mlr/ximea/serial/src/Makefile&quot;  VERBOSE=1 clean" />
         </MakeCommands>
      </Target>
      <Target title="grabAndCompress">
         <Option output="/home/bais/mlr/ximea/serial/src/grabAndCompress" prefix_auto="0" extension_auto="0" />
         <Option working_dir="/home/bais/mlr/ximea/serial/src" />
         <Option object_output="./" />
         <Option type="1" />
         <Option compiler="gcc" />
         <Compiler>
            <Add directory="/home/bais/mlr/ximea/serial/src" />
         </Compiler>
         <MakeCommands>
            <Build command="/usr/bin/make -f &quot;/home/bais/mlr/ximea/serial/src/Makefile&quot;  VERBOSE=1 grabAndCompress" />
            <CompileFile command="/usr/bin/make -f &quot;/home/bais/mlr/ximea/serial/src/Makefile&quot;  VERBOSE=1 &quot;$file&quot;" />
            <Clean command="/usr/bin/make -f &quot;/home/bais/mlr/ximea/serial/src/Makefile&quot;  VERBOSE=1 clean" />
            <DistClean command="/usr/bin/make -f &quot;/home/bais/mlr/ximea/serial/src/Makefile&quot;  VERBOSE=1 clean" />
         </MakeCommands>
      </Target>
      <Target title="grabAndCompress/fast">
         <Option output="/home/bais/mlr/ximea/serial/src/grabAndCompress" prefix_auto="0" extension_auto="0" />
         <Option working_dir="/home/bais/mlr/ximea/serial/src" />
         <Option object_output="./" />
         <Option type="1" />
         <Option compiler="gcc" />
         <Compiler>
            <Add directory="/home/bais/mlr/ximea/serial/src" />
         </Compiler>
         <MakeCommands>
            <Build command="/usr/bin/make -f &quot;/home/bais/mlr/ximea/serial/src/Makefile&quot;  VERBOSE=1 grabAndCompress/fast" />
            <CompileFile command="/usr/bin/make -f &quot;/home/bais/mlr/ximea/serial/src/Makefile&quot;  VERBOSE=1 &quot;$file&quot;" />
            <Clean command="/usr/bin/make -f &quot;/home/bais/mlr/ximea/serial/src/Makefile&quot;  VERBOSE=1 clean" />
            <DistClean command="/usr/bin/make -f &quot;/home/bais/mlr/ximea/serial/src/Makefile&quot;  VERBOSE=1 clean" />
         </MakeCommands>
      </Target>
      <Target title="rebuild_cache">
         <Option working_dir="/home/bais/mlr/ximea/serial/src" />
         <Option type="4" />
         <MakeCommands>
            <Build command="/usr/bin/make -f &quot;/home/bais/mlr/ximea/serial/src/Makefile&quot;  VERBOSE=1 rebuild_cache" />
            <CompileFile command="/usr/bin/make -f &quot;/home/bais/mlr/ximea/serial/src/Makefile&quot;  VERBOSE=1 &quot;$file&quot;" />
            <Clean command="/usr/bin/make -f &quot;/home/bais/mlr/ximea/serial/src/Makefile&quot;  VERBOSE=1 clean" />
            <DistClean command="/usr/bin/make -f &quot;/home/bais/mlr/ximea/serial/src/Makefile&quot;  VERBOSE=1 clean" />
         </MakeCommands>
      </Target>
      </Build>
      <Unit filename="/home/bais/mlr/ximea/serial/src/main.cpp">
      </Unit>
      <Unit filename="/home/bais/mlr/ximea/serial/src/CMakeLists.txt">
          <Option virtualFolder="CMake Files\" />
      </Unit>
   </Project>
</CodeBlocks_project_file>
